{
  "name": "nexus",
  "version": "1.0.0",
  "lockfileVersion": 3,
  "requires": true,
  "packages": {
    "": {
      "name": "nexus",
      "version": "1.0.0",
      "dependencies": {
        "firebase": "^9.22.0",
        "react": "^18.2.0",
        "react-dom": "^18.2.0",
        "react-scripts": "5.0.1"
      }
    },
    "node_modules/react": {
      "version": "18.2.0",
      "resolved": "https://registry.npmjs.org/react/-/react-18.2.0.tgz",
      "integrity": "sha512-...",
      "dependencies": {
        "loose-envify": "^1.1.0"
      }
    },
    "node_modules/react-dom": {
      "version": "18.2.0",
      "resolved": "https://registry.npmjs.org/react-dom/-/react-dom-18.2.0.tgz",
      "integrity": "sha512-...",
      "peerDependencies": {
        "react": "^18.2.0"
      }
    },
    "node_modules/firebase": {
      "version": "9.22.0",
      "resolved": "https://registry.npmjs.org/firebase/-/firebase-9.22.0.tgz",
      "integrity": "sha512-...",
      "dependencies": {
        "@firebase/app": "0.x",
        "@firebase/auth": "0.x",
        "@firebase/firestore": "0.x",
        "@firebase/storage": "0.x"
      }
    },
    "node_modules/react-scripts": {
      "version": "5.0.1",
      "resolved": "https://registry.npmjs.org/react-scripts/-/react-scripts-5.0.1.tgz",
      "integrity": "sha512-...",
      "dependencies": {
        "webpack": "^5.64.4",
        "babel-loader": "^8.2.3",
        "jest": "^27.4.5"
      }
    }
  }
}
